PODS:
  - Alamofire (4.7.0)
  - AlamofireObjectMapper (5.0.0):
    - Alamofire (~> 4.1)
    - ObjectMapper (~> 3.0)
  - Kingfisher (4.6.3)
  - ObjectMapper (3.1.0)

DEPENDENCIES:
  - AlamofireObjectMapper (~> 5.0)
  - Kingfisher (~> 4.6)

SPEC CHECKSUMS:
  Alamofire: 907e0a98eb68cdb7f9d1f541a563d6ac5dc77b25
  AlamofireObjectMapper: 5fafc816351cbbc0d486611aaeba7461c0cbad49
  Kingfisher: 98e6d5b5e807645743e8ed5ececd25d688d38452
  ObjectMapper: 20505058f54e5c3ca69e1d6de9897d152a5369a6

PODFILE CHECKSUM: b200c38b8394459fd9e550452616474eb08705f0

COCOAPODS: 1.4.0
